
Microsoft Visual Studio Solution File, Format Version 12.00
# Visual Studio Version 16
VisualStudioVersion = 16.0.32510.428
MinimumVisualStudioVersion = 10.0.40219.1
Project("{F184B08F-C81C-45F6-A57F-5ABD9991F28F}") = "MySampleApp", "MySampleApp\MySampleApp.vbproj", "{407BCD18-03DF-46BE-865F-FE6306437C5F}"
EndProject
Global
	GlobalSection(SolutionConfigurationPlatforms) = preSolution
		Debug|Any CPU = Debug|Any CPU
		Release|Any CPU = Release|Any CPU
	EndGlobalSection
	GlobalSection(ProjectConfigurationPlatforms) = postSolution
		{407BCD18-03DF-46BE-865F-FE6306437C5F}.Debug|Any CPU.ActiveCfg = Debug|Any CPU
		{407BCD18-03DF-46BE-865F-FE6306437C5F}.Debug|Any CPU.Build.0 = Debug|Any CPU
		{407BCD18-03DF-46BE-865F-FE6306437C5F}.Release|Any CPU.ActiveCfg = Release|Any CPU
		{407BCD18-03DF-46BE-865F-FE6306437C5F}.Release|Any CPU.Build.0 = Release|Any CPU
	EndGlobalSection
	GlobalSection(SolutionProperties) = preSolution
		HideSolutionNode = FALSE
	EndGlobalSection
	GlobalSection(ExtensibilityGlobals) = postSolution
		SolutionGuid = {1D244AB5-E7F4-4035-B07A-574E7C8DC400}
	EndGlobalSection
EndGlobal
